
Microsoft Visual Studio Solution File, Format Version 12.00
# Visual Studio Version 16
VisualStudioVersion = 16.0.30711.63
MinimumVisualStudioVersion = 10.0.40219.1
Project("{9A19103F-16F7-4668-BE54-9A1E7A4F7556}") = "CBCoreAppGenerator", "..\CBCoreAppGenerator\CBCoreAppGenerator.csproj", "{51D53D44-F110-44B8-8775-7C937EC2213B}"
EndProject
Project("{9A19103F-16F7-4668-BE54-9A1E7A4F7556}") = "DALC", "..\DALC\DALC.csproj", "{78A151D1-166C-43AA-A09B-0A64D7AB4251}"
EndProject
Project("{9A19103F-16F7-4668-BE54-9A1E7A4F7556}") = "BLC", "..\BLC\BLC.csproj", "{E105DC2D-CA9A-44AE-B56D-2C3DCFBBF44E}"
EndProject
Project("{9A19103F-16F7-4668-BE54-9A1E7A4F7556}") = "UnitTesting", "..\UnitTesting\UnitTesting.csproj", "{67FBD1E7-93A5-4BA9-860D-05E5290DDAA9}"
EndProject
Project("{9A19103F-16F7-4668-BE54-9A1E7A4F7556}") = "WorkerService1", "..\WorkerService1\WorkerService1.csproj", "{0FA41803-18E4-499F-ACC3-3784D682640D}"
EndProject
Project("{FAE04EC0-301F-11D3-BF4B-00C04F79EFBC}") = "WebApi", "..\WebApi\WebApi.csproj", "{937EB0AB-352F-4299-BA87-BF745DBE2FE2}"
EndProject
Global
	GlobalSection(SolutionConfigurationPlatforms) = preSolution
		Debug|Any CPU = Debug|Any CPU
		Release|Any CPU = Release|Any CPU
	EndGlobalSection
	GlobalSection(ProjectConfigurationPlatforms) = postSolution
		{51D53D44-F110-44B8-8775-7C937EC2213B}.Debug|Any CPU.ActiveCfg = Debug|Any CPU
		{51D53D44-F110-44B8-8775-7C937EC2213B}.Debug|Any CPU.Build.0 = Debug|Any CPU
		{51D53D44-F110-44B8-8775-7C937EC2213B}.Release|Any CPU.ActiveCfg = Release|Any CPU
		{51D53D44-F110-44B8-8775-7C937EC2213B}.Release|Any CPU.Build.0 = Release|Any CPU
		{78A151D1-166C-43AA-A09B-0A64D7AB4251}.Debug|Any CPU.ActiveCfg = Debug|Any CPU
		{78A151D1-166C-43AA-A09B-0A64D7AB4251}.Debug|Any CPU.Build.0 = Debug|Any CPU
		{78A151D1-166C-43AA-A09B-0A64D7AB4251}.Release|Any CPU.ActiveCfg = Release|Any CPU
		{78A151D1-166C-43AA-A09B-0A64D7AB4251}.Release|Any CPU.Build.0 = Release|Any CPU
		{E105DC2D-CA9A-44AE-B56D-2C3DCFBBF44E}.Debug|Any CPU.ActiveCfg = Debug|Any CPU
		{E105DC2D-CA9A-44AE-B56D-2C3DCFBBF44E}.Debug|Any CPU.Build.0 = Debug|Any CPU
		{E105DC2D-CA9A-44AE-B56D-2C3DCFBBF44E}.Release|Any CPU.ActiveCfg = Release|Any CPU
		{E105DC2D-CA9A-44AE-B56D-2C3DCFBBF44E}.Release|Any CPU.Build.0 = Release|Any CPU
		{67FBD1E7-93A5-4BA9-860D-05E5290DDAA9}.Debug|Any CPU.ActiveCfg = Debug|Any CPU
		{67FBD1E7-93A5-4BA9-860D-05E5290DDAA9}.Debug|Any CPU.Build.0 = Debug|Any CPU
		{67FBD1E7-93A5-4BA9-860D-05E5290DDAA9}.Release|Any CPU.ActiveCfg = Release|Any CPU
		{67FBD1E7-93A5-4BA9-860D-05E5290DDAA9}.Release|Any CPU.Build.0 = Release|Any CPU
		{0FA41803-18E4-499F-ACC3-3784D682640D}.Debug|Any CPU.ActiveCfg = Debug|Any CPU
		{0FA41803-18E4-499F-ACC3-3784D682640D}.Debug|Any CPU.Build.0 = Debug|Any CPU
		{0FA41803-18E4-499F-ACC3-3784D682640D}.Release|Any CPU.ActiveCfg = Release|Any CPU
		{0FA41803-18E4-499F-ACC3-3784D682640D}.Release|Any CPU.Build.0 = Release|Any CPU
		{937EB0AB-352F-4299-BA87-BF745DBE2FE2}.Debug|Any CPU.ActiveCfg = Debug|Any CPU
		{937EB0AB-352F-4299-BA87-BF745DBE2FE2}.Debug|Any CPU.Build.0 = Debug|Any CPU
		{937EB0AB-352F-4299-BA87-BF745DBE2FE2}.Release|Any CPU.ActiveCfg = Release|Any CPU
		{937EB0AB-352F-4299-BA87-BF745DBE2FE2}.Release|Any CPU.Build.0 = Release|Any CPU
	EndGlobalSection
	GlobalSection(SolutionProperties) = preSolution
		HideSolutionNode = FALSE
	EndGlobalSection
	GlobalSection(ExtensibilityGlobals) = postSolution
		SolutionGuid = {08F40F28-FB43-40E3-936A-6DF3B8AD4287}
	EndGlobalSection
EndGlobal
